
Microsoft Visual Studio Solution File, Format Version 12.00
# Visual Studio Express 2013 for Windows Desktop
VisualStudioVersion = 12.0.31101.0
MinimumVisualStudioVersion = 10.0.40219.1
Project("{8BC9CEB8-8B4A-11D0-8D11-00A0C91BC942}") = "CDCCOMM", "CDCCOMM\CDCCOMM.vcxproj", "{3D60B385-AE43-49E6-BCB2-14FB7F79122C}"
EndProject
Project("{8BC9CEB8-8B4A-11D0-8D11-00A0C91BC942}") = "CDCCOMM_Test", "CDCCOMM_Test\CDCCOMM_Test.vcxproj", "{46526F09-25B5-47C8-AD52-09EAA9AF4A43}"
EndProject
Global
	GlobalSection(SolutionConfigurationPlatforms) = preSolution
		Debug|Win32 = Debug|Win32
		Release|Win32 = Release|Win32
	EndGlobalSection
	GlobalSection(ProjectConfigurationPlatforms) = postSolution
		{3D60B385-AE43-49E6-BCB2-14FB7F79122C}.Debug|Win32.ActiveCfg = Debug|Win32
		{3D60B385-AE43-49E6-BCB2-14FB7F79122C}.Debug|Win32.Build.0 = Debug|Win32
		{3D60B385-AE43-49E6-BCB2-14FB7F79122C}.Release|Win32.ActiveCfg = Release|Win32
		{3D60B385-AE43-49E6-BCB2-14FB7F79122C}.Release|Win32.Build.0 = Release|Win32
		{46526F09-25B5-47C8-AD52-09EAA9AF4A43}.Debug|Win32.ActiveCfg = Debug|Win32
		{46526F09-25B5-47C8-AD52-09EAA9AF4A43}.Debug|Win32.Build.0 = Debug|Win32
		{46526F09-25B5-47C8-AD52-09EAA9AF4A43}.Release|Win32.ActiveCfg = Release|Win32
		{46526F09-25B5-47C8-AD52-09EAA9AF4A43}.Release|Win32.Build.0 = Release|Win32
	EndGlobalSection
	GlobalSection(SolutionProperties) = preSolution
		HideSolutionNode = FALSE
	EndGlobalSection
EndGlobal
